
Microsoft Visual Studio Solution File, Format Version 12.00
# Visual Studio Version 16
VisualStudioVersion = 16.0.31313.79
MinimumVisualStudioVersion = 10.0.40219.1
Project("{FAE04EC0-301F-11D3-BF4B-00C04F79EFBC}") = "ConsoleApp", "ConsoleApp\ConsoleApp.csproj", "{78078CD5-2142-4595-8D3E-63679D9CA43C}"
EndProject
Project("{FAE04EC0-301F-11D3-BF4B-00C04F79EFBC}") = "HomeWork2", "HomeWork2\HomeWork2.csproj", "{AFAD5C8B-48A1-4AE4-B49B-1E4DAB9A03ED}"
EndProject
Project("{FAE04EC0-301F-11D3-BF4B-00C04F79EFBC}") = "HomeWork3", "HomeWork3\HomeWork3.csproj", "{B0D3EAA1-87EC-4C00-9003-7892AD1051C7}"
EndProject
Project("{FAE04EC0-301F-11D3-BF4B-00C04F79EFBC}") = "HomeWork4", "HomeWork4\HomeWork4.csproj", "{3700EE86-3736-4FFD-A83E-8F340C069ACE}"
EndProject
Global
	GlobalSection(SolutionConfigurationPlatforms) = preSolution
		Debug|Any CPU = Debug|Any CPU
		Release|Any CPU = Release|Any CPU
	EndGlobalSection
	GlobalSection(ProjectConfigurationPlatforms) = postSolution
		{78078CD5-2142-4595-8D3E-63679D9CA43C}.Debug|Any CPU.ActiveCfg = Debug|Any CPU
		{78078CD5-2142-4595-8D3E-63679D9CA43C}.Debug|Any CPU.Build.0 = Debug|Any CPU
		{78078CD5-2142-4595-8D3E-63679D9CA43C}.Release|Any CPU.ActiveCfg = Release|Any CPU
		{78078CD5-2142-4595-8D3E-63679D9CA43C}.Release|Any CPU.Build.0 = Release|Any CPU
		{AFAD5C8B-48A1-4AE4-B49B-1E4DAB9A03ED}.Debug|Any CPU.ActiveCfg = Debug|Any CPU
		{AFAD5C8B-48A1-4AE4-B49B-1E4DAB9A03ED}.Debug|Any CPU.Build.0 = Debug|Any CPU
		{AFAD5C8B-48A1-4AE4-B49B-1E4DAB9A03ED}.Release|Any CPU.ActiveCfg = Release|Any CPU
		{AFAD5C8B-48A1-4AE4-B49B-1E4DAB9A03ED}.Release|Any CPU.Build.0 = Release|Any CPU
		{B0D3EAA1-87EC-4C00-9003-7892AD1051C7}.Debug|Any CPU.ActiveCfg = Debug|Any CPU
		{B0D3EAA1-87EC-4C00-9003-7892AD1051C7}.Debug|Any CPU.Build.0 = Debug|Any CPU
		{B0D3EAA1-87EC-4C00-9003-7892AD1051C7}.Release|Any CPU.ActiveCfg = Release|Any CPU
		{B0D3EAA1-87EC-4C00-9003-7892AD1051C7}.Release|Any CPU.Build.0 = Release|Any CPU
		{3700EE86-3736-4FFD-A83E-8F340C069ACE}.Debug|Any CPU.ActiveCfg = Debug|Any CPU
		{3700EE86-3736-4FFD-A83E-8F340C069ACE}.Debug|Any CPU.Build.0 = Debug|Any CPU
		{3700EE86-3736-4FFD-A83E-8F340C069ACE}.Release|Any CPU.ActiveCfg = Release|Any CPU
		{3700EE86-3736-4FFD-A83E-8F340C069ACE}.Release|Any CPU.Build.0 = Release|Any CPU
	EndGlobalSection
	GlobalSection(SolutionProperties) = preSolution
		HideSolutionNode = FALSE
	EndGlobalSection
	GlobalSection(ExtensibilityGlobals) = postSolution
		SolutionGuid = {13B4828B-EB73-4761-94DF-FDEE22377EC3}
	EndGlobalSection
EndGlobal
